
Microsoft Visual Studio Solution File, Format Version 12.00
# Visual Studio Version 17
VisualStudioVersion = 17.3.32922.545
MinimumVisualStudioVersion = 10.0.40219.1
Project("{FAE04EC0-301F-11D3-BF4B-00C04F79EFBC}") = "Timer_", "Timer_\Timer_.csproj", "{F5F6185E-B6DA-4DDC-A2DA-B61D3E785F31}"
EndProject
Global
	GlobalSection(SolutionConfigurationPlatforms) = preSolution
		Debug|Any CPU = Debug|Any CPU
		Release|Any CPU = Release|Any CPU
	EndGlobalSection
	GlobalSection(ProjectConfigurationPlatforms) = postSolution
		{F5F6185E-B6DA-4DDC-A2DA-B61D3E785F31}.Debug|Any CPU.ActiveCfg = Debug|Any CPU
		{F5F6185E-B6DA-4DDC-A2DA-B61D3E785F31}.Debug|Any CPU.Build.0 = Debug|Any CPU
		{F5F6185E-B6DA-4DDC-A2DA-B61D3E785F31}.Release|Any CPU.ActiveCfg = Release|Any CPU
		{F5F6185E-B6DA-4DDC-A2DA-B61D3E785F31}.Release|Any CPU.Build.0 = Release|Any CPU
	EndGlobalSection
	GlobalSection(SolutionProperties) = preSolution
		HideSolutionNode = FALSE
	EndGlobalSection
	GlobalSection(ExtensibilityGlobals) = postSolution
		SolutionGuid = {A59142E9-15EA-4712-936F-99D1A6C8B0D3}
	EndGlobalSection
EndGlobal
